
Microsoft Visual Studio Solution File, Format Version 12.00
# Visual Studio 15
VisualStudioVersion = 15.0.27004.2008
MinimumVisualStudioVersion = 10.0.40219.1
Project("{F184B08F-C81C-45F6-A57F-5ABD9991F28F}") = "ProjectESD", "ProjectESD\ProjectESD.vbproj", "{FD16E417-9CF4-4B27-8F78-8C227F8727A2}"
EndProject
Project("{54435603-DBB4-11D2-8724-00A0C9A8B90C}") = "ProjectESDSetup", "ProjectESDSetup\ProjectESDSetup.vdproj", "{28C025FE-169E-496B-B215-ECDBF4069A83}"
EndProject
Global
	GlobalSection(Performance) = preSolution
		HasPerformanceSessions = true
	EndGlobalSection
	GlobalSection(SolutionConfigurationPlatforms) = preSolution
		Debug|Any CPU = Debug|Any CPU
		Debug|x64 = Debug|x64
		Release|Any CPU = Release|Any CPU
		Release|x64 = Release|x64
	EndGlobalSection
	GlobalSection(ProjectConfigurationPlatforms) = postSolution
		{FD16E417-9CF4-4B27-8F78-8C227F8727A2}.Debug|Any CPU.ActiveCfg = Debug|Any CPU
		{FD16E417-9CF4-4B27-8F78-8C227F8727A2}.Debug|Any CPU.Build.0 = Debug|Any CPU
		{FD16E417-9CF4-4B27-8F78-8C227F8727A2}.Debug|x64.ActiveCfg = Debug|x64
		{FD16E417-9CF4-4B27-8F78-8C227F8727A2}.Debug|x64.Build.0 = Debug|x64
		{FD16E417-9CF4-4B27-8F78-8C227F8727A2}.Release|Any CPU.ActiveCfg = Release|Any CPU
		{FD16E417-9CF4-4B27-8F78-8C227F8727A2}.Release|Any CPU.Build.0 = Release|Any CPU
		{FD16E417-9CF4-4B27-8F78-8C227F8727A2}.Release|x64.ActiveCfg = Release|x64
		{FD16E417-9CF4-4B27-8F78-8C227F8727A2}.Release|x64.Build.0 = Release|x64
		{28C025FE-169E-496B-B215-ECDBF4069A83}.Debug|Any CPU.ActiveCfg = Debug
		{28C025FE-169E-496B-B215-ECDBF4069A83}.Debug|x64.ActiveCfg = Debug
		{28C025FE-169E-496B-B215-ECDBF4069A83}.Debug|x64.Build.0 = Debug
		{28C025FE-169E-496B-B215-ECDBF4069A83}.Release|Any CPU.ActiveCfg = Release
		{28C025FE-169E-496B-B215-ECDBF4069A83}.Release|x64.ActiveCfg = Release
		{28C025FE-169E-496B-B215-ECDBF4069A83}.Release|x64.Build.0 = Release
	EndGlobalSection
	GlobalSection(SolutionProperties) = preSolution
		HideSolutionNode = FALSE
	EndGlobalSection
	GlobalSection(ExtensibilityGlobals) = postSolution
		SolutionGuid = {B9A0E65E-BE96-4379-AC5D-419DF3A5C696}
	EndGlobalSection
EndGlobal
